
Microsoft Visual Studio Solution File, Format Version 12.00
# Visual Studio Version 17
VisualStudioVersion = 17.8.34525.116
MinimumVisualStudioVersion = 10.0.40219.1
Project("{FAE04EC0-301F-11D3-BF4B-00C04F79EFBC}") = "AggregationAppTest", "AggregationAppTest.csproj", "{0E11B3EF-843C-41EB-B59B-F33A15B03923}"
EndProject
Global
	GlobalSection(SolutionConfigurationPlatforms) = preSolution
		Debug|Any CPU = Debug|Any CPU
		Release|Any CPU = Release|Any CPU
	EndGlobalSection
	GlobalSection(ProjectConfigurationPlatforms) = postSolution
		{0E11B3EF-843C-41EB-B59B-F33A15B03923}.Debug|Any CPU.ActiveCfg = Debug|Any CPU
		{0E11B3EF-843C-41EB-B59B-F33A15B03923}.Debug|Any CPU.Build.0 = Debug|Any CPU
		{0E11B3EF-843C-41EB-B59B-F33A15B03923}.Release|Any CPU.ActiveCfg = Release|Any CPU
		{0E11B3EF-843C-41EB-B59B-F33A15B03923}.Release|Any CPU.Build.0 = Release|Any CPU
	EndGlobalSection
	GlobalSection(SolutionProperties) = preSolution
		HideSolutionNode = FALSE
	EndGlobalSection
	GlobalSection(ExtensibilityGlobals) = postSolution
		SolutionGuid = {0EDD22F2-5B17-40AE-BDF2-CD8706D6B85C}
	EndGlobalSection
EndGlobal
