
Microsoft Visual Studio Solution File, Format Version 12.00
# Visual Studio Version 17
VisualStudioVersion = 17.8.34525.116
MinimumVisualStudioVersion = 10.0.40219.1
Project("{9A19103F-16F7-4668-BE54-9A1E7A4F7556}") = "AggregationApp", "AggregationApp.csproj", "{8C2BBE5E-8B9B-4447-ACF7-E6A30565DC6E}"
EndProject
Project("{9A19103F-16F7-4668-BE54-9A1E7A4F7556}") = "AggregationRepository", "..\AggregationRepository\AggregationRepository.csproj", "{BF00BD26-66C6-4717-B1A9-0C0AB0AF1046}"
EndProject
Project("{9A19103F-16F7-4668-BE54-9A1E7A4F7556}") = "AggregationAppTest", "..\AggregationAppTest\AggregationAppTest.csproj", "{32008992-12A2-4911-A00F-5E36E9FC7AD9}"
EndProject
Global
	GlobalSection(SolutionConfigurationPlatforms) = preSolution
		Debug|Any CPU = Debug|Any CPU
		Release|Any CPU = Release|Any CPU
	EndGlobalSection
	GlobalSection(ProjectConfigurationPlatforms) = postSolution
		{8C2BBE5E-8B9B-4447-ACF7-E6A30565DC6E}.Debug|Any CPU.ActiveCfg = Debug|Any CPU
		{8C2BBE5E-8B9B-4447-ACF7-E6A30565DC6E}.Debug|Any CPU.Build.0 = Debug|Any CPU
		{8C2BBE5E-8B9B-4447-ACF7-E6A30565DC6E}.Release|Any CPU.ActiveCfg = Release|Any CPU
		{8C2BBE5E-8B9B-4447-ACF7-E6A30565DC6E}.Release|Any CPU.Build.0 = Release|Any CPU
		{BF00BD26-66C6-4717-B1A9-0C0AB0AF1046}.Debug|Any CPU.ActiveCfg = Debug|Any CPU
		{BF00BD26-66C6-4717-B1A9-0C0AB0AF1046}.Debug|Any CPU.Build.0 = Debug|Any CPU
		{BF00BD26-66C6-4717-B1A9-0C0AB0AF1046}.Release|Any CPU.ActiveCfg = Release|Any CPU
		{BF00BD26-66C6-4717-B1A9-0C0AB0AF1046}.Release|Any CPU.Build.0 = Release|Any CPU
		{32008992-12A2-4911-A00F-5E36E9FC7AD9}.Debug|Any CPU.ActiveCfg = Debug|Any CPU
		{32008992-12A2-4911-A00F-5E36E9FC7AD9}.Debug|Any CPU.Build.0 = Debug|Any CPU
		{32008992-12A2-4911-A00F-5E36E9FC7AD9}.Release|Any CPU.ActiveCfg = Release|Any CPU
		{32008992-12A2-4911-A00F-5E36E9FC7AD9}.Release|Any CPU.Build.0 = Release|Any CPU
	EndGlobalSection
	GlobalSection(SolutionProperties) = preSolution
		HideSolutionNode = FALSE
	EndGlobalSection
	GlobalSection(ExtensibilityGlobals) = postSolution
		SolutionGuid = {1C2979A7-E847-4BD5-A447-D534B99C03DB}
	EndGlobalSection
EndGlobal
